
Microsoft Visual Studio Solution File, Format Version 12.00
# Visual Studio 15
VisualStudioVersion = 15.0.26124.0
MinimumVisualStudioVersion = 15.0.26124.0
Project("{FAE04EC0-301F-11D3-BF4B-00C04F79EFBC}") = "Ecliptic.Entities", "Ecliptic.Entities\Ecliptic.Entities.csproj", "{BB1A64CC-6390-4625-8F67-D417BA1393F1}"
EndProject
Project("{FAE04EC0-301F-11D3-BF4B-00C04F79EFBC}") = "Ecliptic.Services", "Ecliptic.Services\Ecliptic.Services.csproj", "{6370BEF1-8FA0-4477-A913-4F98CE02F8F2}"
EndProject
Project("{FAE04EC0-301F-11D3-BF4B-00C04F79EFBC}") = "Ecliptic.Spi", "Ecliptic.Spi\Ecliptic.Spi.csproj", "{24E110BB-9C5A-49E6-ABEC-9258CA9A8E9D}"
EndProject
Project("{FAE04EC0-301F-11D3-BF4B-00C04F79EFBC}") = "Ecliptic.Test", "Ecliptic.Test\Ecliptic.Test.csproj", "{7125E3D7-1F3C-4BCD-9588-E229545E6211}"
EndProject
Global
	GlobalSection(SolutionConfigurationPlatforms) = preSolution
		Debug|Any CPU = Debug|Any CPU
		Debug|x64 = Debug|x64
		Debug|x86 = Debug|x86
		Release|Any CPU = Release|Any CPU
		Release|x64 = Release|x64
		Release|x86 = Release|x86
	EndGlobalSection
	GlobalSection(SolutionProperties) = preSolution
		HideSolutionNode = FALSE
	EndGlobalSection
	GlobalSection(ProjectConfigurationPlatforms) = postSolution
		{BB1A64CC-6390-4625-8F67-D417BA1393F1}.Debug|Any CPU.ActiveCfg = Debug|Any CPU
		{BB1A64CC-6390-4625-8F67-D417BA1393F1}.Debug|Any CPU.Build.0 = Debug|Any CPU
		{BB1A64CC-6390-4625-8F67-D417BA1393F1}.Debug|x64.ActiveCfg = Debug|Any CPU
		{BB1A64CC-6390-4625-8F67-D417BA1393F1}.Debug|x64.Build.0 = Debug|Any CPU
		{BB1A64CC-6390-4625-8F67-D417BA1393F1}.Debug|x86.ActiveCfg = Debug|Any CPU
		{BB1A64CC-6390-4625-8F67-D417BA1393F1}.Debug|x86.Build.0 = Debug|Any CPU
		{BB1A64CC-6390-4625-8F67-D417BA1393F1}.Release|Any CPU.ActiveCfg = Release|Any CPU
		{BB1A64CC-6390-4625-8F67-D417BA1393F1}.Release|Any CPU.Build.0 = Release|Any CPU
		{BB1A64CC-6390-4625-8F67-D417BA1393F1}.Release|x64.ActiveCfg = Release|Any CPU
		{BB1A64CC-6390-4625-8F67-D417BA1393F1}.Release|x64.Build.0 = Release|Any CPU
		{BB1A64CC-6390-4625-8F67-D417BA1393F1}.Release|x86.ActiveCfg = Release|Any CPU
		{BB1A64CC-6390-4625-8F67-D417BA1393F1}.Release|x86.Build.0 = Release|Any CPU
		{6370BEF1-8FA0-4477-A913-4F98CE02F8F2}.Debug|Any CPU.ActiveCfg = Debug|Any CPU
		{6370BEF1-8FA0-4477-A913-4F98CE02F8F2}.Debug|Any CPU.Build.0 = Debug|Any CPU
		{6370BEF1-8FA0-4477-A913-4F98CE02F8F2}.Debug|x64.ActiveCfg = Debug|Any CPU
		{6370BEF1-8FA0-4477-A913-4F98CE02F8F2}.Debug|x64.Build.0 = Debug|Any CPU
		{6370BEF1-8FA0-4477-A913-4F98CE02F8F2}.Debug|x86.ActiveCfg = Debug|Any CPU
		{6370BEF1-8FA0-4477-A913-4F98CE02F8F2}.Debug|x86.Build.0 = Debug|Any CPU
		{6370BEF1-8FA0-4477-A913-4F98CE02F8F2}.Release|Any CPU.ActiveCfg = Release|Any CPU
		{6370BEF1-8FA0-4477-A913-4F98CE02F8F2}.Release|Any CPU.Build.0 = Release|Any CPU
		{6370BEF1-8FA0-4477-A913-4F98CE02F8F2}.Release|x64.ActiveCfg = Release|Any CPU
		{6370BEF1-8FA0-4477-A913-4F98CE02F8F2}.Release|x64.Build.0 = Release|Any CPU
		{6370BEF1-8FA0-4477-A913-4F98CE02F8F2}.Release|x86.ActiveCfg = Release|Any CPU
		{6370BEF1-8FA0-4477-A913-4F98CE02F8F2}.Release|x86.Build.0 = Release|Any CPU
		{24E110BB-9C5A-49E6-ABEC-9258CA9A8E9D}.Debug|Any CPU.ActiveCfg = Debug|Any CPU
		{24E110BB-9C5A-49E6-ABEC-9258CA9A8E9D}.Debug|Any CPU.Build.0 = Debug|Any CPU
		{24E110BB-9C5A-49E6-ABEC-9258CA9A8E9D}.Debug|x64.ActiveCfg = Debug|Any CPU
		{24E110BB-9C5A-49E6-ABEC-9258CA9A8E9D}.Debug|x64.Build.0 = Debug|Any CPU
		{24E110BB-9C5A-49E6-ABEC-9258CA9A8E9D}.Debug|x86.ActiveCfg = Debug|Any CPU
		{24E110BB-9C5A-49E6-ABEC-9258CA9A8E9D}.Debug|x86.Build.0 = Debug|Any CPU
		{24E110BB-9C5A-49E6-ABEC-9258CA9A8E9D}.Release|Any CPU.ActiveCfg = Release|Any CPU
		{24E110BB-9C5A-49E6-ABEC-9258CA9A8E9D}.Release|Any CPU.Build.0 = Release|Any CPU
		{24E110BB-9C5A-49E6-ABEC-9258CA9A8E9D}.Release|x64.ActiveCfg = Release|Any CPU
		{24E110BB-9C5A-49E6-ABEC-9258CA9A8E9D}.Release|x64.Build.0 = Release|Any CPU
		{24E110BB-9C5A-49E6-ABEC-9258CA9A8E9D}.Release|x86.ActiveCfg = Release|Any CPU
		{24E110BB-9C5A-49E6-ABEC-9258CA9A8E9D}.Release|x86.Build.0 = Release|Any CPU
		{7125E3D7-1F3C-4BCD-9588-E229545E6211}.Debug|Any CPU.ActiveCfg = Debug|Any CPU
		{7125E3D7-1F3C-4BCD-9588-E229545E6211}.Debug|Any CPU.Build.0 = Debug|Any CPU
		{7125E3D7-1F3C-4BCD-9588-E229545E6211}.Debug|x64.ActiveCfg = Debug|Any CPU
		{7125E3D7-1F3C-4BCD-9588-E229545E6211}.Debug|x64.Build.0 = Debug|Any CPU
		{7125E3D7-1F3C-4BCD-9588-E229545E6211}.Debug|x86.ActiveCfg = Debug|Any CPU
		{7125E3D7-1F3C-4BCD-9588-E229545E6211}.Debug|x86.Build.0 = Debug|Any CPU
		{7125E3D7-1F3C-4BCD-9588-E229545E6211}.Release|Any CPU.ActiveCfg = Release|Any CPU
		{7125E3D7-1F3C-4BCD-9588-E229545E6211}.Release|Any CPU.Build.0 = Release|Any CPU
		{7125E3D7-1F3C-4BCD-9588-E229545E6211}.Release|x64.ActiveCfg = Release|Any CPU
		{7125E3D7-1F3C-4BCD-9588-E229545E6211}.Release|x64.Build.0 = Release|Any CPU
		{7125E3D7-1F3C-4BCD-9588-E229545E6211}.Release|x86.ActiveCfg = Release|Any CPU
		{7125E3D7-1F3C-4BCD-9588-E229545E6211}.Release|x86.Build.0 = Release|Any CPU
	EndGlobalSection
EndGlobal
